
Microsoft Visual Studio Solution File, Format Version 12.00
# Visual Studio Version 17
VisualStudioVersion = 17.2.32616.157
MinimumVisualStudioVersion = 10.0.40219.1
Project("{FAE04EC0-301F-11D3-BF4B-00C04F79EFBC}") = "Exception_Handling", "Exception_Handling.csproj", "{2D7912FA-364D-4294-B515-D506687B7732}"
EndProject
Global
	GlobalSection(SolutionConfigurationPlatforms) = preSolution
		Debug|Any CPU = Debug|Any CPU
		Release|Any CPU = Release|Any CPU
	EndGlobalSection
	GlobalSection(ProjectConfigurationPlatforms) = postSolution
		{2D7912FA-364D-4294-B515-D506687B7732}.Debug|Any CPU.ActiveCfg = Debug|Any CPU
		{2D7912FA-364D-4294-B515-D506687B7732}.Debug|Any CPU.Build.0 = Debug|Any CPU
		{2D7912FA-364D-4294-B515-D506687B7732}.Release|Any CPU.ActiveCfg = Release|Any CPU
		{2D7912FA-364D-4294-B515-D506687B7732}.Release|Any CPU.Build.0 = Release|Any CPU
	EndGlobalSection
	GlobalSection(SolutionProperties) = preSolution
		HideSolutionNode = FALSE
	EndGlobalSection
	GlobalSection(ExtensibilityGlobals) = postSolution
		SolutionGuid = {AE4D3103-7B51-468A-A1AA-5598849E108A}
	EndGlobalSection
EndGlobal
